
Microsoft Visual Studio Solution File, Format Version 12.00
# Visual Studio Version 17
VisualStudioVersion = 17.6.33815.320
MinimumVisualStudioVersion = 10.0.40219.1
Project("{9A19103F-16F7-4668-BE54-9A1E7A4F7556}") = "RecipeWinsForms", "RecipeWinsForms\RecipeWinsForms.csproj", "{F3F386C2-27EB-4954-B1F3-49B9208F3F6A}"
EndProject
Project("{9A19103F-16F7-4668-BE54-9A1E7A4F7556}") = "CPUFramework", "..\..\CPUFramework\CPUFramework.csproj", "{50A0A756-F747-48CC-8C3A-C03799AA0189}"
EndProject
Project("{9A19103F-16F7-4668-BE54-9A1E7A4F7556}") = "CPUWindowsFormsFramework", "..\..\CPUWindowsFormsFramework\CPUWindowsFormsFramework.csproj", "{4E9DFED1-AE4C-462E-BEBD-9FBF83FD541F}"
EndProject
Project("{9A19103F-16F7-4668-BE54-9A1E7A4F7556}") = "RecipeAppsTest", "RecipeAppsTest\RecipeAppsTest.csproj", "{83CEAEB3-36E6-4A7E-B525-1B6808137F25}"
EndProject
Project("{9A19103F-16F7-4668-BE54-9A1E7A4F7556}") = "RecipeAppSystem", "RecipeAppSystem\RecipeAppSystem.csproj", "{01B9F079-3DCB-45AA-9D64-71EA52509DA5}"
	ProjectSection(ProjectDependencies) = postProject
		{50A0A756-F747-48CC-8C3A-C03799AA0189} = {50A0A756-F747-48CC-8C3A-C03799AA0189}
	EndProjectSection
EndProject
Project("{FAE04EC0-301F-11D3-BF4B-00C04F79EFBC}") = "RecipeMAUI", "RecipeMAUI\RecipeMAUI.csproj", "{DA3AF744-8AAC-4869-B7C5-66DE701B7F3D}"
EndProject
Global
	GlobalSection(SolutionConfigurationPlatforms) = preSolution
		Debug|Any CPU = Debug|Any CPU
		Release|Any CPU = Release|Any CPU
	EndGlobalSection
	GlobalSection(ProjectConfigurationPlatforms) = postSolution
		{F3F386C2-27EB-4954-B1F3-49B9208F3F6A}.Debug|Any CPU.ActiveCfg = Debug|Any CPU
		{F3F386C2-27EB-4954-B1F3-49B9208F3F6A}.Debug|Any CPU.Build.0 = Debug|Any CPU
		{F3F386C2-27EB-4954-B1F3-49B9208F3F6A}.Release|Any CPU.ActiveCfg = Release|Any CPU
		{F3F386C2-27EB-4954-B1F3-49B9208F3F6A}.Release|Any CPU.Build.0 = Release|Any CPU
		{50A0A756-F747-48CC-8C3A-C03799AA0189}.Debug|Any CPU.ActiveCfg = Debug|Any CPU
		{50A0A756-F747-48CC-8C3A-C03799AA0189}.Debug|Any CPU.Build.0 = Debug|Any CPU
		{50A0A756-F747-48CC-8C3A-C03799AA0189}.Release|Any CPU.ActiveCfg = Release|Any CPU
		{50A0A756-F747-48CC-8C3A-C03799AA0189}.Release|Any CPU.Build.0 = Release|Any CPU
		{4E9DFED1-AE4C-462E-BEBD-9FBF83FD541F}.Debug|Any CPU.ActiveCfg = Debug|Any CPU
		{4E9DFED1-AE4C-462E-BEBD-9FBF83FD541F}.Debug|Any CPU.Build.0 = Debug|Any CPU
		{4E9DFED1-AE4C-462E-BEBD-9FBF83FD541F}.Release|Any CPU.ActiveCfg = Release|Any CPU
		{4E9DFED1-AE4C-462E-BEBD-9FBF83FD541F}.Release|Any CPU.Build.0 = Release|Any CPU
		{83CEAEB3-36E6-4A7E-B525-1B6808137F25}.Debug|Any CPU.ActiveCfg = Debug|Any CPU
		{83CEAEB3-36E6-4A7E-B525-1B6808137F25}.Debug|Any CPU.Build.0 = Debug|Any CPU
		{83CEAEB3-36E6-4A7E-B525-1B6808137F25}.Release|Any CPU.ActiveCfg = Release|Any CPU
		{83CEAEB3-36E6-4A7E-B525-1B6808137F25}.Release|Any CPU.Build.0 = Release|Any CPU
		{01B9F079-3DCB-45AA-9D64-71EA52509DA5}.Debug|Any CPU.ActiveCfg = Debug|Any CPU
		{01B9F079-3DCB-45AA-9D64-71EA52509DA5}.Debug|Any CPU.Build.0 = Debug|Any CPU
		{01B9F079-3DCB-45AA-9D64-71EA52509DA5}.Release|Any CPU.ActiveCfg = Release|Any CPU
		{01B9F079-3DCB-45AA-9D64-71EA52509DA5}.Release|Any CPU.Build.0 = Release|Any CPU
		{DA3AF744-8AAC-4869-B7C5-66DE701B7F3D}.Debug|Any CPU.ActiveCfg = Debug|Any CPU
		{DA3AF744-8AAC-4869-B7C5-66DE701B7F3D}.Debug|Any CPU.Build.0 = Debug|Any CPU
		{DA3AF744-8AAC-4869-B7C5-66DE701B7F3D}.Debug|Any CPU.Deploy.0 = Debug|Any CPU
		{DA3AF744-8AAC-4869-B7C5-66DE701B7F3D}.Release|Any CPU.ActiveCfg = Release|Any CPU
		{DA3AF744-8AAC-4869-B7C5-66DE701B7F3D}.Release|Any CPU.Build.0 = Release|Any CPU
		{DA3AF744-8AAC-4869-B7C5-66DE701B7F3D}.Release|Any CPU.Deploy.0 = Release|Any CPU
	EndGlobalSection
	GlobalSection(SolutionProperties) = preSolution
		HideSolutionNode = FALSE
	EndGlobalSection
	GlobalSection(ExtensibilityGlobals) = postSolution
		SolutionGuid = {E2011EF5-7284-4D99-81FC-7597A121A510}
	EndGlobalSection
EndGlobal
